Microsoft Visual Studio Solution File, Format Version 12.00
# Visual Studio Version 17
VisualStudioVersion = 17.0.31903.59
MinimumVisualStudioVersion = 10.0.40219.1
Project("{FAE04EC0-301F-11D3-BF4B00C04F79}") = "NewChallengers_Gladius", "NewChallengers_Gladius.csproj", "{3BE2D62C-09B4-4D2A-8F7B-736E67A260F6}"
EndProject
Global
	GlobalSection(SolutionConfigurationPlatforms) = preSolution
		Debug|Any CPU = Debug|Any CPU
		Release|Any CPU = Release|Any CPU
	EndGlobalSection
	GlobalSection(ProjectConfigurationPlatforms) = postSolution
		{3BE2D62C-09B4-4D2A-8F7B-736E67A260F6}.Debug|Any CPU.ActiveCfg = Debug|Any CPU
		{3BE2D62C-09B4-4D2A-8F7B-736E67A260F6}.Debug|Any CPU.Build.0 = Debug|Any CPU
		{3BE2D62C-09B4-4D2A-8F7B-736E67A260F6}.Release|Any CPU.ActiveCfg = Release|Any CPU
		{3BE2D62C-09B4-4D2A-8F7B-736E67A260F6}.Release|Any CPU.Build.0 = Release|Any CPU
	EndGlobalSection
EndGlobal